{
    "name": "stratum-pool",
    "version": "0.2.2",
    "lockfileVersion": 3,
    "requires": true,
    "packages": {
        "": {
            "name": "stratum-pool",
            "version": "0.2.2",
            "license": "GPL-2.0",
            "dependencies": {
                "async": "^3.2.6",
                "base58-native": "^0.1.4",
                "bitcoinjs-lib": "^6.1.6",
                "multi-hashing": "git+https://github.com/ROZ-MOFUMOFU-ME/node-multi-hashing.git"
            },
            "engines": {
                "node": ">=16",
                "npm": ">=7"
            }
        },
        "node_modules/@noble/hashes": {
            "version": "1.5.0",
            "resolved": "https://registry.npmjs.org/@noble/hashes/-/hashes-1.5.0.tgz",
            "integrity": "sha512-1j6kQFb7QRru7eKN3ZDvRcP13rugwdxZqCjbiAVZfIJwgj2A65UmT4TgARXGlXgnRkORLTDTrO19ZErt7+QXgA==",
            "license": "MIT",
            "engines": {
                "node": "^14.21.3 || >=16"
            },
            "funding": {
                "url": "https://paulmillr.com/funding/"
            }
        },
        "node_modules/async": {
            "version": "3.2.6",
            "resolved": "https://registry.npmjs.org/async/-/async-3.2.6.tgz",
            "integrity": "sha512-htCUDlxyyCLMgaM3xXg0C0LW2xqfuQ6p05pCEIsXuyQ+a1koYKTuBMzRNwmybfLgvJDMd0r1LTn4+E0Ti6C2AA==",
            "license": "MIT"
        },
        "node_modules/base-x": {
            "version": "4.0.0",
            "resolved": "https://registry.npmjs.org/base-x/-/base-x-4.0.0.tgz",
            "integrity": "sha512-FuwxlW4H5kh37X/oW59pwTzzTKRzfrrQwhmyspRM7swOEZcHtDZSCt45U6oKgtuFE+WYPblePMVIPR4RZrh/hw==",
            "license": "MIT"
        },
        "node_modules/base58-native": {
            "version": "0.1.4",
            "resolved": "https://registry.npmjs.org/base58-native/-/base58-native-0.1.4.tgz",
            "integrity": "sha512-kXfNvAXkmS+rwIQQ4sG2eP4ioJDI1CCcDOOuGnhR3jKTmJHMRuIGW7QGRb4op8/Kd+upsoyIprxS274FwUC9hw==",
            "license": "MIT",
            "dependencies": {
                "bignum": ">=0.6.1"
            }
        },
        "node_modules/bech32": {
            "version": "2.0.0",
            "resolved": "https://registry.npmjs.org/bech32/-/bech32-2.0.0.tgz",
            "integrity": "sha512-LcknSilhIGatDAsY1ak2I8VtGaHNhgMSYVxFrGLXv+xLHytaKZKcaUJJUE7qmBr7h33o5YQwP55pMI0xmkpJwg==",
            "license": "MIT"
        },
        "node_modules/bignum": {
            "version": "0.13.1",
            "resolved": "https://registry.npmjs.org/bignum/-/bignum-0.13.1.tgz",
            "integrity": "sha512-sPtvw/knt6nmBm4fPgsu+FtNypM5y2Org723h9fAOl7UDgc8nyIbVbcBCatVR/nOJWCsKctSE14u+3bW5sAkFA==",
            "hasInstallScript": true,
            "license": "MIT",
            "dependencies": {
                "bindings": "^1.5.0",
                "nan": "^2.14.0",
                "safe-buffer": "^5.2.0"
            }
        },
        "node_modules/bindings": {
            "version": "1.5.0",
            "resolved": "https://registry.npmjs.org/bindings/-/bindings-1.5.0.tgz",
            "integrity": "sha512-p2q/t/mhvuOj/UeLlV6566GD/guowlr0hHxClI0W9m7MWYkL1F0hLo+0Aexs9HSPCtR1SXQ0TD3MMKrXZajbiQ==",
            "license": "MIT",
            "dependencies": {
                "file-uri-to-path": "1.0.0"
            }
        },
        "node_modules/bip174": {
            "version": "2.1.1",
            "resolved": "https://registry.npmjs.org/bip174/-/bip174-2.1.1.tgz",
            "integrity": "sha512-mdFV5+/v0XyNYXjBS6CQPLo9ekCx4gtKZFnJm5PMto7Fs9hTTDpkkzOB7/FtluRI6JbUUAu+snTYfJRgHLZbZQ==",
            "license": "MIT",
            "engines": {
                "node": ">=8.0.0"
            }
        },
        "node_modules/bitcoinjs-lib": {
            "version": "6.1.6",
            "resolved": "https://registry.npmjs.org/bitcoinjs-lib/-/bitcoinjs-lib-6.1.6.tgz",
            "integrity": "sha512-Fk8+Vc+e2rMoDU5gXkW9tD+313rhkm5h6N9HfZxXvYU9LedttVvmXKTgd9k5rsQJjkSfsv6XRM8uhJv94SrvcA==",
            "license": "MIT",
            "dependencies": {
                "@noble/hashes": "^1.2.0",
                "bech32": "^2.0.0",
                "bip174": "^2.1.1",
                "bs58check": "^3.0.1",
                "typeforce": "^1.11.3",
                "varuint-bitcoin": "^1.1.2"
            },
            "engines": {
                "node": ">=8.0.0"
            }
        },
        "node_modules/bs58": {
            "version": "5.0.0",
            "resolved": "https://registry.npmjs.org/bs58/-/bs58-5.0.0.tgz",
            "integrity": "sha512-r+ihvQJvahgYT50JD05dyJNKlmmSlMoOGwn1lCcEzanPglg7TxYjioQUYehQ9mAR/+hOSd2jRc/Z2y5UxBymvQ==",
            "license": "MIT",
            "dependencies": {
                "base-x": "^4.0.0"
            }
        },
        "node_modules/bs58check": {
            "version": "3.0.1",
            "resolved": "https://registry.npmjs.org/bs58check/-/bs58check-3.0.1.tgz",
            "integrity": "sha512-hjuuJvoWEybo7Hn/0xOrczQKKEKD63WguEjlhLExYs2wUBcebDC1jDNK17eEAD2lYfw82d5ASC1d7K3SWszjaQ==",
            "license": "MIT",
            "dependencies": {
                "@noble/hashes": "^1.2.0",
                "bs58": "^5.0.0"
            }
        },
        "node_modules/file-uri-to-path": {
            "version": "1.0.0",
            "resolved": "https://registry.npmjs.org/file-uri-to-path/-/file-uri-to-path-1.0.0.tgz",
            "integrity": "sha512-0Zt+s3L7Vf1biwWZ29aARiVYLx7iMGnEUl9x33fbB/j3jR81u/O2LbqK+Bm1CDSNDKVtJ/YjwY7TUd5SkeLQLw==",
            "license": "MIT"
        },
        "node_modules/multi-hashing": {
            "version": "1.0.1",
            "resolved": "git+ssh://git@github.com/ROZ-MOFUMOFU-ME/node-multi-hashing.git#b09a640c4844453bb692958163d9f55fcc884833",
            "hasInstallScript": true,
            "dependencies": {
                "bindings": "*",
                "nan": "^2.19.0"
            }
        },
        "node_modules/nan": {
            "version": "2.20.0",
            "resolved": "https://registry.npmjs.org/nan/-/nan-2.20.0.tgz",
            "integrity": "sha512-bk3gXBZDGILuuo/6sKtr0DQmSThYHLtNCdSdXk9YkxD/jK6X2vmCyyXBBxyqZ4XcnzTyYEAThfX3DCEnLf6igw==",
            "license": "MIT"
        },
        "node_modules/safe-buffer": {
            "version": "5.2.1",
            "resolved": "https://registry.npmjs.org/safe-buffer/-/safe-buffer-5.2.1.tgz",
            "integrity": "sha512-rp3So07KcdmmKbGvgaNxQSJr7bGVSVk5S9Eq1F+ppbRo70+YeaDxkw5Dd8NPN+GD6bjnYm2VuPuCXmpuYvmCXQ==",
            "funding": [
                {
                    "type": "github",
                    "url": "https://github.com/sponsors/feross"
                },
                {
                    "type": "patreon",
                    "url": "https://www.patreon.com/feross"
                },
                {
                    "type": "consulting",
                    "url": "https://feross.org/support"
                }
            ],
            "license": "MIT"
        },
        "node_modules/typeforce": {
            "version": "1.18.0",
            "resolved": "https://registry.npmjs.org/typeforce/-/typeforce-1.18.0.tgz",
            "integrity": "sha512-7uc1O8h1M1g0rArakJdf0uLRSSgFcYexrVoKo+bzJd32gd4gDy2L/Z+8/FjPnU9ydY3pEnVPtr9FyscYY60K1g==",
            "license": "MIT"
        },
        "node_modules/varuint-bitcoin": {
            "version": "1.1.2",
            "resolved": "https://registry.npmjs.org/varuint-bitcoin/-/varuint-bitcoin-1.1.2.tgz",
            "integrity": "sha512-4EVb+w4rx+YfVM32HQX42AbbT7/1f5zwAYhIujKXKk8NQK+JfRVl3pqT3hjNn/L+RstigmGGKVwHA/P0wgITZw==",
            "license": "MIT",
            "dependencies": {
                "safe-buffer": "^5.1.1"
            }
        }
    }
}
