{
    "name": "stratum-pool",
    "version": "0.2.1",
    "lockfileVersion": 3,
    "requires": true,
    "packages": {
        "": {
            "name": "stratum-pool",
            "version": "0.2.1",
            "license": "GPL-2.0",
            "dependencies": {
                "async": "^3.2.6",
                "base58-native": "^0.1.4",
                "bignum": "^0.13.1",
                "bitcoinjs-lib": "^7.0.0-rc.0",
                "multi-hashing": "git+https://github.com/ROZ-MOFUMOFU-ME/node-multi-hashing.git"
            },
            "engines": {
                "node": ">=16",
                "npm": ">=7"
            }
        },
        "node_modules/@noble/hashes": {
            "version": "1.5.0",
            "resolved": "https://registry.npmjs.org/@noble/hashes/-/hashes-1.5.0.tgz",
            "integrity": "sha512-1j6kQFb7QRru7eKN3ZDvRcP13rugwdxZqCjbiAVZfIJwgj2A65UmT4TgARXGlXgnRkORLTDTrO19ZErt7+QXgA==",
            "license": "MIT",
            "engines": {
                "node": "^14.21.3 || >=16"
            },
            "funding": {
                "url": "https://paulmillr.com/funding/"
            }
        },
        "node_modules/async": {
            "version": "3.2.6",
            "resolved": "https://registry.npmjs.org/async/-/async-3.2.6.tgz",
            "integrity": "sha512-htCUDlxyyCLMgaM3xXg0C0LW2xqfuQ6p05pCEIsXuyQ+a1koYKTuBMzRNwmybfLgvJDMd0r1LTn4+E0Ti6C2AA==",
            "license": "MIT"
        },
        "node_modules/base-x": {
            "version": "5.0.0",
            "resolved": "https://registry.npmjs.org/base-x/-/base-x-5.0.0.tgz",
            "integrity": "sha512-sMW3VGSX1QWVFA6l8U62MLKz29rRfpTlYdCqLdpLo1/Yd4zZwSbnUaDfciIAowAqvq7YFnWq9hrhdg1KYgc1lQ==",
            "license": "MIT"
        },
        "node_modules/base58-native": {
            "version": "0.1.4",
            "resolved": "https://registry.npmjs.org/base58-native/-/base58-native-0.1.4.tgz",
            "integrity": "sha512-kXfNvAXkmS+rwIQQ4sG2eP4ioJDI1CCcDOOuGnhR3jKTmJHMRuIGW7QGRb4op8/Kd+upsoyIprxS274FwUC9hw==",
            "license": "MIT",
            "dependencies": {
                "bignum": ">=0.6.1"
            }
        },
        "node_modules/bech32": {
            "version": "2.0.0",
            "resolved": "https://registry.npmjs.org/bech32/-/bech32-2.0.0.tgz",
            "integrity": "sha512-LcknSilhIGatDAsY1ak2I8VtGaHNhgMSYVxFrGLXv+xLHytaKZKcaUJJUE7qmBr7h33o5YQwP55pMI0xmkpJwg==",
            "license": "MIT"
        },
        "node_modules/bignum": {
            "version": "0.13.1",
            "resolved": "https://registry.npmjs.org/bignum/-/bignum-0.13.1.tgz",
            "integrity": "sha512-sPtvw/knt6nmBm4fPgsu+FtNypM5y2Org723h9fAOl7UDgc8nyIbVbcBCatVR/nOJWCsKctSE14u+3bW5sAkFA==",
            "hasInstallScript": true,
            "license": "MIT",
            "dependencies": {
                "bindings": "^1.5.0",
                "nan": "^2.14.0",
                "safe-buffer": "^5.2.0"
            }
        },
        "node_modules/bindings": {
            "version": "1.5.0",
            "resolved": "https://registry.npmjs.org/bindings/-/bindings-1.5.0.tgz",
            "integrity": "sha512-p2q/t/mhvuOj/UeLlV6566GD/guowlr0hHxClI0W9m7MWYkL1F0hLo+0Aexs9HSPCtR1SXQ0TD3MMKrXZajbiQ==",
            "license": "MIT",
            "dependencies": {
                "file-uri-to-path": "1.0.0"
            }
        },
        "node_modules/bip174": {
            "version": "3.0.0-rc.1",
            "resolved": "https://registry.npmjs.org/bip174/-/bip174-3.0.0-rc.1.tgz",
            "integrity": "sha512-+8P3BpSairVNF2Nee6Ksdc1etIjWjBOi/MH0MwKtq9YaYp+S2Hk2uvup0e8hCT4IKlS58nXJyyQVmW92zPoD4Q==",
            "license": "MIT",
            "dependencies": {
                "uint8array-tools": "^0.0.9",
                "varuint-bitcoin": "^2.0.0"
            },
            "engines": {
                "node": ">=18.0.0"
            }
        },
        "node_modules/bitcoinjs-lib": {
            "version": "7.0.0-rc.0",
            "resolved": "https://registry.npmjs.org/bitcoinjs-lib/-/bitcoinjs-lib-7.0.0-rc.0.tgz",
            "integrity": "sha512-7CQgOIbREemKR/NT2uc3uO/fkEy+6CM0sLxboVVY6bv6DbZmPt3gg5Y/hhWgQFeZu5lfTbtVAv32MIxf7lMh4g==",
            "license": "MIT",
            "dependencies": {
                "@noble/hashes": "^1.2.0",
                "bech32": "^2.0.0",
                "bip174": "^3.0.0-rc.0",
                "bs58check": "^4.0.0",
                "uint8array-tools": "^0.0.9",
                "valibot": "^0.38.0",
                "varuint-bitcoin": "^2.0.0"
            },
            "engines": {
                "node": ">=18.0.0"
            }
        },
        "node_modules/bs58": {
            "version": "6.0.0",
            "resolved": "https://registry.npmjs.org/bs58/-/bs58-6.0.0.tgz",
            "integrity": "sha512-PD0wEnEYg6ijszw/u8s+iI3H17cTymlrwkKhDhPZq+Sokl3AU4htyBFTjAeNAlCCmg0f53g6ih3jATyCKftTfw==",
            "license": "MIT",
            "dependencies": {
                "base-x": "^5.0.0"
            }
        },
        "node_modules/bs58check": {
            "version": "4.0.0",
            "resolved": "https://registry.npmjs.org/bs58check/-/bs58check-4.0.0.tgz",
            "integrity": "sha512-FsGDOnFg9aVI9erdriULkd/JjEWONV/lQE5aYziB5PoBsXRind56lh8doIZIc9X4HoxT5x4bLjMWN1/NB8Zp5g==",
            "license": "MIT",
            "dependencies": {
                "@noble/hashes": "^1.2.0",
                "bs58": "^6.0.0"
            }
        },
        "node_modules/file-uri-to-path": {
            "version": "1.0.0",
            "resolved": "https://registry.npmjs.org/file-uri-to-path/-/file-uri-to-path-1.0.0.tgz",
            "integrity": "sha512-0Zt+s3L7Vf1biwWZ29aARiVYLx7iMGnEUl9x33fbB/j3jR81u/O2LbqK+Bm1CDSNDKVtJ/YjwY7TUd5SkeLQLw==",
            "license": "MIT"
        },
        "node_modules/multi-hashing": {
            "version": "1.0.1",
            "resolved": "git+ssh://git@github.com/ROZ-MOFUMOFU-ME/node-multi-hashing.git#b09a640c4844453bb692958163d9f55fcc884833",
            "hasInstallScript": true,
            "dependencies": {
                "bindings": "*",
                "nan": "^2.19.0"
            }
        },
        "node_modules/nan": {
            "version": "2.20.0",
            "resolved": "https://registry.npmjs.org/nan/-/nan-2.20.0.tgz",
            "integrity": "sha512-bk3gXBZDGILuuo/6sKtr0DQmSThYHLtNCdSdXk9YkxD/jK6X2vmCyyXBBxyqZ4XcnzTyYEAThfX3DCEnLf6igw==",
            "license": "MIT"
        },
        "node_modules/safe-buffer": {
            "version": "5.2.1",
            "resolved": "https://registry.npmjs.org/safe-buffer/-/safe-buffer-5.2.1.tgz",
            "integrity": "sha512-rp3So07KcdmmKbGvgaNxQSJr7bGVSVk5S9Eq1F+ppbRo70+YeaDxkw5Dd8NPN+GD6bjnYm2VuPuCXmpuYvmCXQ==",
            "funding": [
                {
                    "type": "github",
                    "url": "https://github.com/sponsors/feross"
                },
                {
                    "type": "patreon",
                    "url": "https://www.patreon.com/feross"
                },
                {
                    "type": "consulting",
                    "url": "https://feross.org/support"
                }
            ],
            "license": "MIT"
        },
        "node_modules/uint8array-tools": {
            "version": "0.0.9",
            "resolved": "https://registry.npmjs.org/uint8array-tools/-/uint8array-tools-0.0.9.tgz",
            "integrity": "sha512-9vqDWmoSXOoi+K14zNaf6LBV51Q8MayF0/IiQs3GlygIKUYtog603e6virExkjjFosfJUBI4LhbQK1iq8IG11A==",
            "license": "MIT",
            "engines": {
                "node": ">=14.0.0"
            }
        },
        "node_modules/valibot": {
            "version": "0.38.0",
            "resolved": "https://registry.npmjs.org/valibot/-/valibot-0.38.0.tgz",
            "integrity": "sha512-RCJa0fetnzp+h+KN9BdgYOgtsMAG9bfoJ9JSjIhFHobKWVWyzM3jjaeNTdpFK9tQtf3q1sguXeERJ/LcmdFE7w==",
            "license": "MIT",
            "peerDependencies": {
                "typescript": ">=5"
            },
            "peerDependenciesMeta": {
                "typescript": {
                    "optional": true
                }
            }
        },
        "node_modules/varuint-bitcoin": {
            "version": "2.0.0",
            "resolved": "https://registry.npmjs.org/varuint-bitcoin/-/varuint-bitcoin-2.0.0.tgz",
            "integrity": "sha512-6QZbU/rHO2ZQYpWFDALCDSRsXbAs1VOEmXAxtbtjLtKuMJ/FQ8YbhfxlaiKv5nklci0M6lZtlZyxo9Q+qNnyog==",
            "license": "MIT",
            "dependencies": {
                "uint8array-tools": "^0.0.8"
            }
        },
        "node_modules/varuint-bitcoin/node_modules/uint8array-tools": {
            "version": "0.0.8",
            "resolved": "https://registry.npmjs.org/uint8array-tools/-/uint8array-tools-0.0.8.tgz",
            "integrity": "sha512-xS6+s8e0Xbx++5/0L+yyexukU7pz//Yg6IHg3BKhXotg1JcYtgxVcUctQ0HxLByiJzpAkNFawz1Nz5Xadzo82g==",
            "license": "MIT",
            "engines": {
                "node": ">=14.0.0"
            }
        }
    }
}
